
Microsoft Visual Studio Solution File, Format Version 12.00
# Visual Studio Version 17
VisualStudioVersion = 17.7.34202.233
MinimumVisualStudioVersion = 10.0.40219.1
Project("{9A19103F-16F7-4668-BE54-9A1E7A4F7556}") = "Server", "Server\Server.csproj", "{CD8C8A5B-60B4-41A0-B56F-C12F0D191AFC}"
EndProject
Project("{FAE04EC0-301F-11D3-BF4B-00C04F79EFBC}") = "Client", "Client\Client.csproj", "{08011486-2BDC-4277-AC58-8F0263F88D3D}"
EndProject
Global
	GlobalSection(SolutionConfigurationPlatforms) = preSolution
		Debug|Any CPU = Debug|Any CPU
		Release|Any CPU = Release|Any CPU
	EndGlobalSection
	GlobalSection(ProjectConfigurationPlatforms) = postSolution
		{CD8C8A5B-60B4-41A0-B56F-C12F0D191AFC}.Debug|Any CPU.ActiveCfg = Debug|Any CPU
		{CD8C8A5B-60B4-41A0-B56F-C12F0D191AFC}.Debug|Any CPU.Build.0 = Debug|Any CPU
		{CD8C8A5B-60B4-41A0-B56F-C12F0D191AFC}.Release|Any CPU.ActiveCfg = Release|Any CPU
		{CD8C8A5B-60B4-41A0-B56F-C12F0D191AFC}.Release|Any CPU.Build.0 = Release|Any CPU
		{08011486-2BDC-4277-AC58-8F0263F88D3D}.Debug|Any CPU.ActiveCfg = Debug|Any CPU
		{08011486-2BDC-4277-AC58-8F0263F88D3D}.Debug|Any CPU.Build.0 = Debug|Any CPU
		{08011486-2BDC-4277-AC58-8F0263F88D3D}.Release|Any CPU.ActiveCfg = Release|Any CPU
		{08011486-2BDC-4277-AC58-8F0263F88D3D}.Release|Any CPU.Build.0 = Release|Any CPU
	EndGlobalSection
	GlobalSection(SolutionProperties) = preSolution
		HideSolutionNode = FALSE
	EndGlobalSection
	GlobalSection(ExtensibilityGlobals) = postSolution
		SolutionGuid = {BA79B1BE-34E6-4B87-BF09-314A0C6AC004}
	EndGlobalSection
EndGlobal
